
Microsoft Visual Studio Solution File, Format Version 12.00
# Visual Studio 15
VisualStudioVersion = 15.0.26403.0
MinimumVisualStudioVersion = 10.0.40219.1
Project("{2150E333-8FDC-42A3-9474-1A3956D46DE8}") = "Solution Items", "Solution Items", "{93B692A1-FE26-4A59-B906-0CBADB102B8F}"
	ProjectSection(SolutionItems) = preProject
		appveyor.yml = appveyor.yml
		CHANGELOG.md = CHANGELOG.md
		MvvmHelpers.nuspec = MvvmHelpers.nuspec
		README.md = README.md
	EndProjectSection
EndProject
Project("{FAE04EC0-301F-11D3-BF4B-00C04F79EFBC}") = "MvvmHelpers.Tests", "MvvmHelpers.Tests\MvvmHelpers.Tests.csproj", "{FB9CBAC4-6CAE-451B-AB21-09E5B003F7D8}"
EndProject
Project("{FAE04EC0-301F-11D3-BF4B-00C04F79EFBC}") = "MvvmHelpers", "MvvmHelpers\MvvmHelpers.csproj", "{7D6855F0-C8DE-4222-B7B6-DFB7650700E1}"
EndProject
Global
	GlobalSection(SolutionConfigurationPlatforms) = preSolution
		Debug|Any CPU = Debug|Any CPU
		Release|Any CPU = Release|Any CPU
	EndGlobalSection
	GlobalSection(ProjectConfigurationPlatforms) = postSolution
		{FB9CBAC4-6CAE-451B-AB21-09E5B003F7D8}.Debug|Any CPU.ActiveCfg = Debug|Any CPU
		{FB9CBAC4-6CAE-451B-AB21-09E5B003F7D8}.Debug|Any CPU.Build.0 = Debug|Any CPU
		{FB9CBAC4-6CAE-451B-AB21-09E5B003F7D8}.Release|Any CPU.ActiveCfg = Release|Any CPU
		{FB9CBAC4-6CAE-451B-AB21-09E5B003F7D8}.Release|Any CPU.Build.0 = Release|Any CPU
		{7D6855F0-C8DE-4222-B7B6-DFB7650700E1}.Debug|Any CPU.ActiveCfg = Debug|Any CPU
		{7D6855F0-C8DE-4222-B7B6-DFB7650700E1}.Debug|Any CPU.Build.0 = Debug|Any CPU
		{7D6855F0-C8DE-4222-B7B6-DFB7650700E1}.Release|Any CPU.ActiveCfg = Release|Any CPU
		{7D6855F0-C8DE-4222-B7B6-DFB7650700E1}.Release|Any CPU.Build.0 = Release|Any CPU
	EndGlobalSection
	GlobalSection(SolutionProperties) = preSolution
		HideSolutionNode = FALSE
	EndGlobalSection
EndGlobal
