
Microsoft Visual Studio Solution File, Format Version 12.00
# Visual Studio Version 16
VisualStudioVersion = 16.0.29209.62
MinimumVisualStudioVersion = 10.0.40219.1
Project("{2150E333-8FDC-42A3-9474-1A3956D46DE8}") = "Solution Items", "Solution Items", "{93B692A1-FE26-4A59-B906-0CBADB102B8F}"
	ProjectSection(SolutionItems) = preProject
		.editorconfig = .editorconfig
		CHANGELOG.md = CHANGELOG.md
		README.md = README.md
	EndProjectSection
EndProject
Project("{9A19103F-16F7-4668-BE54-9A1E7A4F7556}") = "MvvmHelpers", "MvvmHelpers\MvvmHelpers.csproj", "{7D6855F0-C8DE-4222-B7B6-DFB7650700E1}"
EndProject
Project("{9A19103F-16F7-4668-BE54-9A1E7A4F7556}") = "MvvmHelpers.UnitTests", "MvvmHelpers.UnitTests\MvvmHelpers.UnitTests.csproj", "{620ED767-21A2-4CFB-9B9F-6F42E9F6ECDA}"
EndProject
Global
	GlobalSection(SolutionConfigurationPlatforms) = preSolution
		Debug|Any CPU = Debug|Any CPU
		Release|Any CPU = Release|Any CPU
	EndGlobalSection
	GlobalSection(ProjectConfigurationPlatforms) = postSolution
		{7D6855F0-C8DE-4222-B7B6-DFB7650700E1}.Debug|Any CPU.ActiveCfg = Debug|Any CPU
		{7D6855F0-C8DE-4222-B7B6-DFB7650700E1}.Debug|Any CPU.Build.0 = Debug|Any CPU
		{7D6855F0-C8DE-4222-B7B6-DFB7650700E1}.Release|Any CPU.ActiveCfg = Release|Any CPU
		{7D6855F0-C8DE-4222-B7B6-DFB7650700E1}.Release|Any CPU.Build.0 = Release|Any CPU
		{620ED767-21A2-4CFB-9B9F-6F42E9F6ECDA}.Debug|Any CPU.ActiveCfg = Debug|Any CPU
		{620ED767-21A2-4CFB-9B9F-6F42E9F6ECDA}.Debug|Any CPU.Build.0 = Debug|Any CPU
		{620ED767-21A2-4CFB-9B9F-6F42E9F6ECDA}.Release|Any CPU.ActiveCfg = Release|Any CPU
		{620ED767-21A2-4CFB-9B9F-6F42E9F6ECDA}.Release|Any CPU.Build.0 = Release|Any CPU
	EndGlobalSection
	GlobalSection(SolutionProperties) = preSolution
		HideSolutionNode = FALSE
	EndGlobalSection
	GlobalSection(ExtensibilityGlobals) = postSolution
		SolutionGuid = {4C19D861-682A-4971-BE87-6D0443235729}
	EndGlobalSection
EndGlobal
